
Microsoft Visual Studio Solution File, Format Version 12.00
# Visual Studio Version 18
VisualStudioVersion = 18.0.11018.127 d18.0
MinimumVisualStudioVersion = 10.0.40219.1
Project("{FAE04EC0-301F-11D3-BF4B-00C04F79EFBC}") = "MinimalApi", "MinimalApi\MinimalApi.csproj", "{A18A7371-B53C-4EC9-8A39-8E8E4E247337}"
EndProject
Project("{FAE04EC0-301F-11D3-BF4B-00C04F79EFBC}") = "MinimalApiTests", "MinimalApiTests\MinimalApiTests.csproj", "{045B0505-E9B1-4C52-9202-83D732F4EE89}"
EndProject
Global
	GlobalSection(SolutionConfigurationPlatforms) = preSolution
		Debug|Any CPU = Debug|Any CPU
		Release|Any CPU = Release|Any CPU
	EndGlobalSection
	GlobalSection(ProjectConfigurationPlatforms) = postSolution
		{A18A7371-B53C-4EC9-8A39-8E8E4E247337}.Debug|Any CPU.ActiveCfg = Debug|Any CPU
		{A18A7371-B53C-4EC9-8A39-8E8E4E247337}.Debug|Any CPU.Build.0 = Debug|Any CPU
		{A18A7371-B53C-4EC9-8A39-8E8E4E247337}.Release|Any CPU.ActiveCfg = Release|Any CPU
		{A18A7371-B53C-4EC9-8A39-8E8E4E247337}.Release|Any CPU.Build.0 = Release|Any CPU
		{045B0505-E9B1-4C52-9202-83D732F4EE89}.Debug|Any CPU.ActiveCfg = Debug|Any CPU
		{045B0505-E9B1-4C52-9202-83D732F4EE89}.Debug|Any CPU.Build.0 = Debug|Any CPU
		{045B0505-E9B1-4C52-9202-83D732F4EE89}.Release|Any CPU.ActiveCfg = Release|Any CPU
		{045B0505-E9B1-4C52-9202-83D732F4EE89}.Release|Any CPU.Build.0 = Release|Any CPU
	EndGlobalSection
	GlobalSection(SolutionProperties) = preSolution
		HideSolutionNode = FALSE
	EndGlobalSection
	GlobalSection(ExtensibilityGlobals) = postSolution
		SolutionGuid = {09407BA9-0ACB-4B7B-A4B1-24124694787C}
	EndGlobalSection
EndGlobal
